
Microsoft Visual Studio Solution File, Format Version 11.00
# Visual Studio 2010
Project("{FAE04EC0-301F-11D3-BF4B-00C04F79EFBC}") = "fps.UI", "fps.UI.csproj", "{75a6309b-dba1-462a-95e0-459af700b4f4}"
EndProject
Project("{FAE04EC0-301F-11D3-BF4B-00C04F79EFBC}") = "fps.AI", "fps.AI.csproj", "{12f401fd-190d-78d2-966a-5327d377d956}"
EndProject
Project("{FAE04EC0-301F-11D3-BF4B-00C04F79EFBC}") = "fps.Game", "fps.Game.csproj", "{24578472-dc70-081d-4a44-ab22291ea003}"
EndProject
Project("{FAE04EC0-301F-11D3-BF4B-00C04F79EFBC}") = "fps.Gameplay", "fps.Gameplay.csproj", "{920ecf93-e252-dcfe-8418-e090ee2c5eb6}"
EndProject
Project("{FAE04EC0-301F-11D3-BF4B-00C04F79EFBC}") = "NavMeshComponents", "NavMeshComponents.csproj", "{eece0662-8972-771f-9772-24b8f993b9b0}"
EndProject
Project("{FAE04EC0-301F-11D3-BF4B-00C04F79EFBC}") = "Unity.FPS.Tutorials", "Unity.FPS.Tutorials.csproj", "{2791f293-8b10-45a6-f13c-6da081e1a655}"
EndProject
Project("{FAE04EC0-301F-11D3-BF4B-00C04F79EFBC}") = "Unity.Microgame.Tutorials", "Unity.Microgame.Tutorials.csproj", "{15c08a11-10c2-e178-9895-04cffc46f24f}"
EndProject
Project("{FAE04EC0-301F-11D3-BF4B-00C04F79EFBC}") = "fps.Editor", "fps.Editor.csproj", "{c6af4031-5e18-e49b-58ba-5a6835ac4cd6}"
EndProject
Project("{FAE04EC0-301F-11D3-BF4B-00C04F79EFBC}") = "NavMeshComponentsEditor", "NavMeshComponentsEditor.csproj", "{854f3bf0-8b4f-4c8a-eb3d-f515bb9dd326}"
EndProject
Global
	GlobalSection(SolutionConfigurationPlatforms) = preSolution
		Debug|Any CPU = Debug|Any CPU
	EndGlobalSection
	GlobalSection(ProjectConfigurationPlatforms) = postSolution
		{75a6309b-dba1-462a-95e0-459af700b4f4}.Debug|Any CPU.ActiveCfg = Debug|Any CPU
		{75a6309b-dba1-462a-95e0-459af700b4f4}.Debug|Any CPU.Build.0 = Debug|Any CPU
		{12f401fd-190d-78d2-966a-5327d377d956}.Debug|Any CPU.ActiveCfg = Debug|Any CPU
		{12f401fd-190d-78d2-966a-5327d377d956}.Debug|Any CPU.Build.0 = Debug|Any CPU
		{24578472-dc70-081d-4a44-ab22291ea003}.Debug|Any CPU.ActiveCfg = Debug|Any CPU
		{24578472-dc70-081d-4a44-ab22291ea003}.Debug|Any CPU.Build.0 = Debug|Any CPU
		{920ecf93-e252-dcfe-8418-e090ee2c5eb6}.Debug|Any CPU.ActiveCfg = Debug|Any CPU
		{920ecf93-e252-dcfe-8418-e090ee2c5eb6}.Debug|Any CPU.Build.0 = Debug|Any CPU
		{eece0662-8972-771f-9772-24b8f993b9b0}.Debug|Any CPU.ActiveCfg = Debug|Any CPU
		{eece0662-8972-771f-9772-24b8f993b9b0}.Debug|Any CPU.Build.0 = Debug|Any CPU
		{2791f293-8b10-45a6-f13c-6da081e1a655}.Debug|Any CPU.ActiveCfg = Debug|Any CPU
		{2791f293-8b10-45a6-f13c-6da081e1a655}.Debug|Any CPU.Build.0 = Debug|Any CPU
		{15c08a11-10c2-e178-9895-04cffc46f24f}.Debug|Any CPU.ActiveCfg = Debug|Any CPU
		{15c08a11-10c2-e178-9895-04cffc46f24f}.Debug|Any CPU.Build.0 = Debug|Any CPU
		{c6af4031-5e18-e49b-58ba-5a6835ac4cd6}.Debug|Any CPU.ActiveCfg = Debug|Any CPU
		{c6af4031-5e18-e49b-58ba-5a6835ac4cd6}.Debug|Any CPU.Build.0 = Debug|Any CPU
		{854f3bf0-8b4f-4c8a-eb3d-f515bb9dd326}.Debug|Any CPU.ActiveCfg = Debug|Any CPU
		{854f3bf0-8b4f-4c8a-eb3d-f515bb9dd326}.Debug|Any CPU.Build.0 = Debug|Any CPU
	EndGlobalSection
	GlobalSection(SolutionProperties) = preSolution
		HideSolutionNode = FALSE
	EndGlobalSection
EndGlobal
